
Microsoft Visual Studio Solution File, Format Version 12.00
# Visual Studio 15
VisualStudioVersion = 15.0.28010.2046
MinimumVisualStudioVersion = 10.0.40219.1
Project("{FAE04EC0-301F-11D3-BF4B-00C04F79EFBC}") = "TeeGrid_WinForm_Ticker", "TeeGrid_WinForm_Ticker.csproj", "{3D02AF58-DD08-45C2-BE72-5945DD128D44}"
EndProject
Project("{2150E333-8FDC-42A3-9474-1A3956D46DE8}") = "NuGet", "NuGet", "{5FDAF8C5-4E14-4533-A01D-65A15C21BAA2}"
	ProjectSection(SolutionItems) = preProject
		nuget.config = nuget.config
	EndProjectSection
EndProject
Global
	GlobalSection(SolutionConfigurationPlatforms) = preSolution
		Debug|Any CPU = Debug|Any CPU
		Release|Any CPU = Release|Any CPU
	EndGlobalSection
	GlobalSection(ProjectConfigurationPlatforms) = postSolution
		{3D02AF58-DD08-45C2-BE72-5945DD128D44}.Debug|Any CPU.ActiveCfg = Debug|Any CPU
		{3D02AF58-DD08-45C2-BE72-5945DD128D44}.Debug|Any CPU.Build.0 = Debug|Any CPU
		{3D02AF58-DD08-45C2-BE72-5945DD128D44}.Release|Any CPU.ActiveCfg = Release|Any CPU
		{3D02AF58-DD08-45C2-BE72-5945DD128D44}.Release|Any CPU.Build.0 = Release|Any CPU
	EndGlobalSection
	GlobalSection(SolutionProperties) = preSolution
		HideSolutionNode = FALSE
	EndGlobalSection
	GlobalSection(ExtensibilityGlobals) = postSolution
		SolutionGuid = {31E79391-FE4A-483E-B791-68A8E9220926}
	EndGlobalSection
EndGlobal
