
Microsoft Visual Studio Solution File, Format Version 12.00
# Visual Studio 15
VisualStudioVersion = 15.0.28010.2046
MinimumVisualStudioVersion = 10.0.40219.1
Project("{FAE04EC0-301F-11D3-BF4B-00C04F79EFBC}") = "TeeGrid_WinForm_Row_Heights", "TeeGrid_WinForm_Row_Heights.csproj", "{5C429019-BF61-44E8-B842-7110C45A3051}"
EndProject
Project("{2150E333-8FDC-42A3-9474-1A3956D46DE8}") = "NuGet", "NuGet", "{D887AE25-4D8A-4DCC-BC10-20787406C904}"
	ProjectSection(SolutionItems) = preProject
		nuget.config = nuget.config
	EndProjectSection
EndProject
Global
	GlobalSection(SolutionConfigurationPlatforms) = preSolution
		Debug|Any CPU = Debug|Any CPU
		Release|Any CPU = Release|Any CPU
	EndGlobalSection
	GlobalSection(ProjectConfigurationPlatforms) = postSolution
		{5C429019-BF61-44E8-B842-7110C45A3051}.Debug|Any CPU.ActiveCfg = Debug|Any CPU
		{5C429019-BF61-44E8-B842-7110C45A3051}.Debug|Any CPU.Build.0 = Debug|Any CPU
		{5C429019-BF61-44E8-B842-7110C45A3051}.Release|Any CPU.ActiveCfg = Release|Any CPU
		{5C429019-BF61-44E8-B842-7110C45A3051}.Release|Any CPU.Build.0 = Release|Any CPU
	EndGlobalSection
	GlobalSection(SolutionProperties) = preSolution
		HideSolutionNode = FALSE
	EndGlobalSection
	GlobalSection(ExtensibilityGlobals) = postSolution
		SolutionGuid = {DAD37F44-3C6B-4F5D-BF23-C38EA2F13F95}
	EndGlobalSection
EndGlobal
