
Microsoft Visual Studio Solution File, Format Version 12.00
# Visual Studio 15
VisualStudioVersion = 15.0.28010.2046
MinimumVisualStudioVersion = 10.0.40219.1
Project("{9A19103F-16F7-4668-BE54-9A1E7A4F7556}") = "TeeGridASPCoreMVC", "TeeGridASPCoreMVC.csproj", "{6B513EFB-39EA-4AEC-90C5-1D6F8642FE36}"
EndProject
Project("{2150E333-8FDC-42A3-9474-1A3956D46DE8}") = "NuGet", "NuGet", "{A11B8E49-95B0-468D-A70C-C0B3AEACD2AD}"
	ProjectSection(SolutionItems) = preProject
		nuget.config = nuget.config
	EndProjectSection
EndProject
Global
	GlobalSection(SolutionConfigurationPlatforms) = preSolution
		Debug|Any CPU = Debug|Any CPU
		Release|Any CPU = Release|Any CPU
	EndGlobalSection
	GlobalSection(ProjectConfigurationPlatforms) = postSolution
		{6B513EFB-39EA-4AEC-90C5-1D6F8642FE36}.Debug|Any CPU.ActiveCfg = Debug|Any CPU
		{6B513EFB-39EA-4AEC-90C5-1D6F8642FE36}.Debug|Any CPU.Build.0 = Debug|Any CPU
		{6B513EFB-39EA-4AEC-90C5-1D6F8642FE36}.Release|Any CPU.ActiveCfg = Release|Any CPU
		{6B513EFB-39EA-4AEC-90C5-1D6F8642FE36}.Release|Any CPU.Build.0 = Release|Any CPU
	EndGlobalSection
	GlobalSection(SolutionProperties) = preSolution
		HideSolutionNode = FALSE
	EndGlobalSection
	GlobalSection(ExtensibilityGlobals) = postSolution
		SolutionGuid = {6B626EDA-D629-44C2-B167-043014AD7BA4}
	EndGlobalSection
EndGlobal
