
Microsoft Visual Studio Solution File, Format Version 12.00
# Visual Studio 15
VisualStudioVersion = 15.0.28010.2046
MinimumVisualStudioVersion = 10.0.40219.1
Project("{FAE04EC0-301F-11D3-BF4B-00C04F79EFBC}") = "Grid_Paging", "Grid_Paging\Grid_Paging.csproj", "{D0CEE3A8-0181-41D9-9E3C-E6630A28FF50}"
EndProject
Project("{2150E333-8FDC-42A3-9474-1A3956D46DE8}") = "NuGet", "NuGet", "{E6878F4B-8760-4A97-BDFA-8C63E3AE006B}"
	ProjectSection(SolutionItems) = preProject
		nuget.config = nuget.config
	EndProjectSection
EndProject
Global
	GlobalSection(SolutionConfigurationPlatforms) = preSolution
		Debug|Any CPU = Debug|Any CPU
		Release|Any CPU = Release|Any CPU
	EndGlobalSection
	GlobalSection(ProjectConfigurationPlatforms) = postSolution
		{D0CEE3A8-0181-41D9-9E3C-E6630A28FF50}.Debug|Any CPU.ActiveCfg = Debug|Any CPU
		{D0CEE3A8-0181-41D9-9E3C-E6630A28FF50}.Debug|Any CPU.Build.0 = Debug|Any CPU
		{D0CEE3A8-0181-41D9-9E3C-E6630A28FF50}.Release|Any CPU.ActiveCfg = Release|Any CPU
		{D0CEE3A8-0181-41D9-9E3C-E6630A28FF50}.Release|Any CPU.Build.0 = Release|Any CPU
	EndGlobalSection
	GlobalSection(SolutionProperties) = preSolution
		HideSolutionNode = FALSE
	EndGlobalSection
	GlobalSection(ExtensibilityGlobals) = postSolution
		SolutionGuid = {63A27F65-A3CF-4374-9DE5-92A7B90332B3}
	EndGlobalSection
EndGlobal
