
Microsoft Visual Studio Solution File, Format Version 12.00
# Visual Studio 15
VisualStudioVersion = 15.0.27130.2027
MinimumVisualStudioVersion = 10.0.40219.1
Project("{FAE04EC0-301F-11D3-BF4B-00C04F79EFBC}") = "launcher", "launcher\launcher.csproj", "{EA9A6524-8061-4174-AA19-EE012C5F28B1}"
EndProject
Global
	GlobalSection(SolutionConfigurationPlatforms) = preSolution
		Debug|Any CPU = Debug|Any CPU
		Release|Any CPU = Release|Any CPU
	EndGlobalSection
	GlobalSection(ProjectConfigurationPlatforms) = postSolution
		{EA9A6524-8061-4174-AA19-EE012C5F28B1}.Debug|Any CPU.ActiveCfg = Debug|Any CPU
		{EA9A6524-8061-4174-AA19-EE012C5F28B1}.Debug|Any CPU.Build.0 = Debug|Any CPU
		{EA9A6524-8061-4174-AA19-EE012C5F28B1}.Release|Any CPU.ActiveCfg = Release|Any CPU
		{EA9A6524-8061-4174-AA19-EE012C5F28B1}.Release|Any CPU.Build.0 = Release|Any CPU
	EndGlobalSection
	GlobalSection(SolutionProperties) = preSolution
		HideSolutionNode = FALSE
	EndGlobalSection
	GlobalSection(ExtensibilityGlobals) = postSolution
		SolutionGuid = {A5AA7D71-E37E-418F-B974-3B82E1D7E4A1}
	EndGlobalSection
EndGlobal
