
Microsoft Visual Studio Solution File, Format Version 12.00
# Visual Studio 15
VisualStudioVersion = 15.0.28010.2046
MinimumVisualStudioVersion = 10.0.40219.1
Project("{FAE04EC0-301F-11D3-BF4B-00C04F79EFBC}") = "TeeGrid_Themes_WinForm", "TeeGrid_Themes_WinForm.csproj", "{C407CDE0-5D83-4C0B-983B-6829B2DC51F3}"
EndProject
Project("{2150E333-8FDC-42A3-9474-1A3956D46DE8}") = "NuGet", "NuGet", "{934A7AE3-D6B7-4B18-A1BB-0A092AA833A6}"
	ProjectSection(SolutionItems) = preProject
		nuget.config = nuget.config
	EndProjectSection
EndProject
Global
	GlobalSection(SolutionConfigurationPlatforms) = preSolution
		Debug|Any CPU = Debug|Any CPU
		Release|Any CPU = Release|Any CPU
	EndGlobalSection
	GlobalSection(ProjectConfigurationPlatforms) = postSolution
		{C407CDE0-5D83-4C0B-983B-6829B2DC51F3}.Debug|Any CPU.ActiveCfg = Debug|Any CPU
		{C407CDE0-5D83-4C0B-983B-6829B2DC51F3}.Debug|Any CPU.Build.0 = Debug|Any CPU
		{C407CDE0-5D83-4C0B-983B-6829B2DC51F3}.Release|Any CPU.ActiveCfg = Release|Any CPU
		{C407CDE0-5D83-4C0B-983B-6829B2DC51F3}.Release|Any CPU.Build.0 = Release|Any CPU
	EndGlobalSection
	GlobalSection(SolutionProperties) = preSolution
		HideSolutionNode = FALSE
	EndGlobalSection
	GlobalSection(ExtensibilityGlobals) = postSolution
		SolutionGuid = {2BFAE0A8-51F6-45A0-AE89-DA4B079630E2}
	EndGlobalSection
EndGlobal
