
Microsoft Visual Studio Solution File, Format Version 12.00
# Visual Studio 15
VisualStudioVersion = 15.0.28010.2046
MinimumVisualStudioVersion = 10.0.40219.1
Project("{FAE04EC0-301F-11D3-BF4B-00C04F79EFBC}") = "TeeGrid_Array_Data", "TeeGrid_Array_Data.csproj", "{DA03A2B3-2BB4-4564-9706-5526A0C7AECB}"
EndProject
Project("{2150E333-8FDC-42A3-9474-1A3956D46DE8}") = "NuGet", "NuGet", "{D31F6353-DC7D-48A7-8989-01CA556AFDAD}"
	ProjectSection(SolutionItems) = preProject
		nuget.config = nuget.config
	EndProjectSection
EndProject
Global
	GlobalSection(SolutionConfigurationPlatforms) = preSolution
		Debug|Any CPU = Debug|Any CPU
		Release|Any CPU = Release|Any CPU
	EndGlobalSection
	GlobalSection(ProjectConfigurationPlatforms) = postSolution
		{DA03A2B3-2BB4-4564-9706-5526A0C7AECB}.Debug|Any CPU.ActiveCfg = Debug|Any CPU
		{DA03A2B3-2BB4-4564-9706-5526A0C7AECB}.Debug|Any CPU.Build.0 = Debug|Any CPU
		{DA03A2B3-2BB4-4564-9706-5526A0C7AECB}.Release|Any CPU.ActiveCfg = Release|Any CPU
		{DA03A2B3-2BB4-4564-9706-5526A0C7AECB}.Release|Any CPU.Build.0 = Release|Any CPU
	EndGlobalSection
	GlobalSection(SolutionProperties) = preSolution
		HideSolutionNode = FALSE
	EndGlobalSection
	GlobalSection(ExtensibilityGlobals) = postSolution
		SolutionGuid = {BD3CF65A-963E-4156-9E11-D09B7B580615}
	EndGlobalSection
EndGlobal
