
Microsoft Visual Studio Solution File, Format Version 12.00
# Visual Studio 15
VisualStudioVersion = 15.0.28010.2046
MinimumVisualStudioVersion = 10.0.40219.1
Project("{FAE04EC0-301F-11D3-BF4B-00C04F79EFBC}") = "TeeGrid_Join_Two_Tables", "TeeGrid_Join_Two_Tables.csproj", "{26697553-3D88-4EE9-8C7A-0EDA3C93F114}"
EndProject
Project("{2150E333-8FDC-42A3-9474-1A3956D46DE8}") = "NuGet", "NuGet", "{FC3FB5F0-47DA-44AB-B55D-3988A85203A1}"
	ProjectSection(SolutionItems) = preProject
		nuget.config = nuget.config
	EndProjectSection
EndProject
Global
	GlobalSection(SolutionConfigurationPlatforms) = preSolution
		Debug|Any CPU = Debug|Any CPU
		Release|Any CPU = Release|Any CPU
	EndGlobalSection
	GlobalSection(ProjectConfigurationPlatforms) = postSolution
		{26697553-3D88-4EE9-8C7A-0EDA3C93F114}.Debug|Any CPU.ActiveCfg = Debug|Any CPU
		{26697553-3D88-4EE9-8C7A-0EDA3C93F114}.Debug|Any CPU.Build.0 = Debug|Any CPU
		{26697553-3D88-4EE9-8C7A-0EDA3C93F114}.Release|Any CPU.ActiveCfg = Release|Any CPU
		{26697553-3D88-4EE9-8C7A-0EDA3C93F114}.Release|Any CPU.Build.0 = Release|Any CPU
	EndGlobalSection
	GlobalSection(SolutionProperties) = preSolution
		HideSolutionNode = FALSE
	EndGlobalSection
	GlobalSection(ExtensibilityGlobals) = postSolution
		SolutionGuid = {8E040246-020B-4314-8B57-B37828B7A00C}
	EndGlobalSection
EndGlobal
