
Microsoft Visual Studio Solution File, Format Version 12.00
# Visual Studio Version 16
VisualStudioVersion = 16.0.29613.14
MinimumVisualStudioVersion = 10.0.40219.1
Project("{FAE04EC0-301F-11D3-BF4B-00C04F79EFBC}") = "ButtonColumn", "ButtonColumn.csproj", "{50710991-04DB-408B-8625-F884BFF70CA1}"
EndProject
Project("{2150E333-8FDC-42A3-9474-1A3956D46DE8}") = "NuGet", "NuGet", "{5BD58CA9-9B11-4766-9441-FF93876BB531}"
	ProjectSection(SolutionItems) = preProject
		nuget.config = nuget.config
	EndProjectSection
EndProject
Global
	GlobalSection(SolutionConfigurationPlatforms) = preSolution
		Debug|Any CPU = Debug|Any CPU
		Release|Any CPU = Release|Any CPU
	EndGlobalSection
	GlobalSection(ProjectConfigurationPlatforms) = postSolution
		{50710991-04DB-408B-8625-F884BFF70CA1}.Debug|Any CPU.ActiveCfg = Debug|Any CPU
		{50710991-04DB-408B-8625-F884BFF70CA1}.Debug|Any CPU.Build.0 = Debug|Any CPU
		{50710991-04DB-408B-8625-F884BFF70CA1}.Release|Any CPU.ActiveCfg = Release|Any CPU
		{50710991-04DB-408B-8625-F884BFF70CA1}.Release|Any CPU.Build.0 = Release|Any CPU
	EndGlobalSection
	GlobalSection(SolutionProperties) = preSolution
		HideSolutionNode = FALSE
	EndGlobalSection
	GlobalSection(ExtensibilityGlobals) = postSolution
		SolutionGuid = {06E2FCAF-4FD1-4754-A11B-6BDEEDA0EC0E}
	EndGlobalSection
EndGlobal
