
Microsoft Visual Studio Solution File, Format Version 12.00
# Visual Studio 15
VisualStudioVersion = 15.0.28010.2046
MinimumVisualStudioVersion = 10.0.40219.1
Project("{FAE04EC0-301F-11D3-BF4B-00C04F79EFBC}") = "ClientDataSet", "ClientDataSet.csproj", "{7B0BAF48-CC21-464B-931E-361ADF7D0208}"
EndProject
Project("{2150E333-8FDC-42A3-9474-1A3956D46DE8}") = "NuGet", "NuGet", "{E5D5FDB8-98AD-405E-8D2E-5173E652C82E}"
	ProjectSection(SolutionItems) = preProject
		nuget.config = nuget.config
	EndProjectSection
EndProject
Global
	GlobalSection(SolutionConfigurationPlatforms) = preSolution
		Debug|Any CPU = Debug|Any CPU
		Release|Any CPU = Release|Any CPU
	EndGlobalSection
	GlobalSection(ProjectConfigurationPlatforms) = postSolution
		{7B0BAF48-CC21-464B-931E-361ADF7D0208}.Debug|Any CPU.ActiveCfg = Debug|Any CPU
		{7B0BAF48-CC21-464B-931E-361ADF7D0208}.Debug|Any CPU.Build.0 = Debug|Any CPU
		{7B0BAF48-CC21-464B-931E-361ADF7D0208}.Release|Any CPU.ActiveCfg = Release|Any CPU
		{7B0BAF48-CC21-464B-931E-361ADF7D0208}.Release|Any CPU.Build.0 = Release|Any CPU
	EndGlobalSection
	GlobalSection(SolutionProperties) = preSolution
		HideSolutionNode = FALSE
	EndGlobalSection
	GlobalSection(ExtensibilityGlobals) = postSolution
		SolutionGuid = {3D47B1E1-E745-4064-B74D-310F23AF8E45}
	EndGlobalSection
EndGlobal
